// !$*UTF8*$!
{
	archiveVersion = 1;
	classes = {
	};
	objectVersion = 51;
	objects = {

/* Begin PBXBuildFile section */
		0522ED0C8BC558D488B1708C /* Pods_InfoCine_InfoCineUITests.framework in Frameworks */ = {isa = PBXBuildFile; fileRef = 6CF963141DD0A4FEDA782143 /* Pods_InfoCine_InfoCineUITests.framework */; };
		4706A823FDF7A26D090DCC2F /* Pods_InfoCine.framework in Frameworks */ = {isa = PBXBuildFile; fileRef = 1835B93C9D930B06D17A103D /* Pods_InfoCine.framework */; };
		5E2D30968CC096336E7EDD53 /* Pods_InfoCineTests.framework in Frameworks */ = {isa = PBXBuildFile; fileRef = 6CE1C4730976FB85C32AA80A /* Pods_InfoCineTests.framework */; };
		E108030C266B67FE00DB5B51 /* PersonsModel.swift in Sources */ = {isa = PBXBuildFile; fileRef = E108030B266B67FE00DB5B51 /* PersonsModel.swift */; };
		E1080327266B692000DB5B51 /* Environment.swift in Sources */ = {isa = PBXBuildFile; fileRef = E1080326266B692000DB5B51 /* Environment.swift */; };
		E108032C266B696400DB5B51 /* APIRouter.swift in Sources */ = {isa = PBXBuildFile; fileRef = E108032B266B696400DB5B51 /* APIRouter.swift */; };
		E1080331266B6B7300DB5B51 /* API.swift in Sources */ = {isa = PBXBuildFile; fileRef = E1080330266B6B7300DB5B51 /* API.swift */; };
		E1520EAA266CC66500CE225A /* ErrorAlertView.swift in Sources */ = {isa = PBXBuildFile; fileRef = E1520EA9266CC66500CE225A /* ErrorAlertView.swift */; };
		E1520EAF266CC6D200CE225A /* Reachability.swift in Sources */ = {isa = PBXBuildFile; fileRef = E1520EAE266CC6D200CE225A /* Reachability.swift */; };
		E1520EB4266CC6F200CE225A /* Localizable.strings in Resources */ = {isa = PBXBuildFile; fileRef = E1520EB3266CC6F200CE225A /* Localizable.strings */; };
		E1520EB9266CC77000CE225A /* SpinnerView.swift in Sources */ = {isa = PBXBuildFile; fileRef = E1520EB8266CC77000CE225A /* SpinnerView.swift */; };
		E1520EBE266CC7A200CE225A /* Extensions.swift in Sources */ = {isa = PBXBuildFile; fileRef = E1520EBD266CC7A100CE225A /* Extensions.swift */; };
		E1520EC3266CCDCE00CE225A /* ListView.html in Resources */ = {isa = PBXBuildFile; fileRef = E1520EC2266CCDCE00CE225A /* ListView.html */; };
		E1520EC8266CCE5000CE225A /* Style.css in Resources */ = {isa = PBXBuildFile; fileRef = E1520EC7266CCE5000CE225A /* Style.css */; };
		E1606592266ADE910077EB02 /* AppDelegate.swift in Sources */ = {isa = PBXBuildFile; fileRef = E1606591266ADE910077EB02 /* AppDelegate.swift */; };
		E1606596266ADE910077EB02 /* HomeViewController.swift in Sources */ = {isa = PBXBuildFile; fileRef = E1606595266ADE910077EB02 /* HomeViewController.swift */; };
		E1606599266ADE910077EB02 /* Main.storyboard in Resources */ = {isa = PBXBuildFile; fileRef = E1606597266ADE910077EB02 /* Main.storyboard */; };
		E160659C266ADE910077EB02 /* InfoCine.xcdatamodeld in Sources */ = {isa = PBXBuildFile; fileRef = E160659A266ADE910077EB02 /* InfoCine.xcdatamodeld */; };
		E160659E266ADE920077EB02 /* Assets.xcassets in Resources */ = {isa = PBXBuildFile; fileRef = E160659D266ADE920077EB02 /* Assets.xcassets */; };
		E16065A1266ADE920077EB02 /* LaunchScreen.storyboard in Resources */ = {isa = PBXBuildFile; fileRef = E160659F266ADE920077EB02 /* LaunchScreen.storyboard */; };
		E16065AC266ADE930077EB02 /* InfoCineTests.swift in Sources */ = {isa = PBXBuildFile; fileRef = E16065AB266ADE930077EB02 /* InfoCineTests.swift */; };
		E16065B7266ADE930077EB02 /* InfoCineUITests.swift in Sources */ = {isa = PBXBuildFile; fileRef = E16065B6266ADE930077EB02 /* InfoCineUITests.swift */; };
		E16065D9266AE24D0077EB02 /* WebKit.framework in Frameworks */ = {isa = PBXBuildFile; fileRef = E16065D8266AE24D0077EB02 /* WebKit.framework */; };
		E182EAC9266FD61000586CBE /* Utils.swift in Sources */ = {isa = PBXBuildFile; fileRef = E182EAC8266FD61000586CBE /* Utils.swift */; };
		E182EACE266FF96D00586CBE /* DetailsPersonModel.swift in Sources */ = {isa = PBXBuildFile; fileRef = E182EACD266FF96D00586CBE /* DetailsPersonModel.swift */; };
		E1CB66D4266D0A06002044E1 /* Script-functions.js in Resources */ = {isa = PBXBuildFile; fileRef = E1CB66D3266D0A06002044E1 /* Script-functions.js */; };
		E1CCB4052670B9AE00369A91 /* MovieCollectionCell.swift in Sources */ = {isa = PBXBuildFile; fileRef = E1CCB4042670B9AE00369A91 /* MovieCollectionCell.swift */; };
		E1CCB40A2670C86600369A91 /* SectionHeader.swift in Sources */ = {isa = PBXBuildFile; fileRef = E1CCB4092670C86600369A91 /* SectionHeader.swift */; };
		E1CCB40F2670CE5900369A91 /* CustomNavBar.swift in Sources */ = {isa = PBXBuildFile; fileRef = E1CCB40E2670CE5900369A91 /* CustomNavBar.swift */; };
		E1E0A660266C295400B4C0B0 /* AppCoordinator.swift in Sources */ = {isa = PBXBuildFile; fileRef = E1E0A65F266C295400B4C0B0 /* AppCoordinator.swift */; };
		E1E0A665266C296300B4C0B0 /* HomeCoordinator.swift in Sources */ = {isa = PBXBuildFile; fileRef = E1E0A664266C296300B4C0B0 /* HomeCoordinator.swift */; };
		E1E0A66A266C296C00B4C0B0 /* CategoryCoordinator.swift in Sources */ = {isa = PBXBuildFile; fileRef = E1E0A669266C296C00B4C0B0 /* CategoryCoordinator.swift */; };
		E1E0A672266C2A1900B4C0B0 /* HomeViewModel.swift in Sources */ = {isa = PBXBuildFile; fileRef = E1E0A671266C2A1900B4C0B0 /* HomeViewModel.swift */; };
		E1E33668266E7E0200ABB455 /* Storyboarded.swift in Sources */ = {isa = PBXBuildFile; fileRef = E1E33667266E7E0200ABB455 /* Storyboarded.swift */; };
		E1E3367E266E99CA00ABB455 /* DetailsViewController.swift in Sources */ = {isa = PBXBuildFile; fileRef = E1E3367C266E99CA00ABB455 /* DetailsViewController.swift */; };
		E1E3367F266E99CA00ABB455 /* DetailsViewModel.swift in Sources */ = {isa = PBXBuildFile; fileRef = E1E3367D266E99CA00ABB455 /* DetailsViewModel.swift */; };
		E1E33687266E9CD800ABB455 /* DetailsCoordinator.swift in Sources */ = {isa = PBXBuildFile; fileRef = E1E33686266E9CD800ABB455 /* DetailsCoordinator.swift */; };
		E1F89978266BE28A007F5BCE /* CategoryTableViewCell.swift in Sources */ = {isa = PBXBuildFile; fileRef = E1F89976266BE28A007F5BCE /* CategoryTableViewCell.swift */; };
		E1F89994266BE461007F5BCE /* CategoryViewController.swift in Sources */ = {isa = PBXBuildFile; fileRef = E1F89993266BE461007F5BCE /* CategoryViewController.swift */; };
		E1F89999266BE509007F5BCE /* Constants.swift in Sources */ = {isa = PBXBuildFile; fileRef = E1F89998266BE509007F5BCE /* Constants.swift */; };
		E1F8999E266BE5CB007F5BCE /* CategoryViewModel.swift in Sources */ = {isa = PBXBuildFile; fileRef = E1F8999D266BE5CB007F5BCE /* CategoryViewModel.swift */; };
		E1F899A3266BE63F007F5BCE /* CategoryModel.swift in Sources */ = {isa = PBXBuildFile; fileRef = E1F899A2266BE63F007F5BCE /* CategoryModel.swift */; };
/* End PBXBuildFile section */

/* Begin PBXContainerItemProxy section */
		E16065A8266ADE930077EB02 /* PBXContainerItemProxy */ = {
			isa = PBXContainerItemProxy;
			containerPortal = E1606586266ADE900077EB02 /* Project object */;
			proxyType = 1;
			remoteGlobalIDString = E160658D266ADE910077EB02;
			remoteInfo = InfoCine;
		};
		E16065B3266ADE930077EB02 /* PBXContainerItemProxy */ = {
			isa = PBXContainerItemProxy;
			containerPortal = E1606586266ADE900077EB02 /* Project object */;
			proxyType = 1;
			remoteGlobalIDString = E160658D266ADE910077EB02;
			remoteInfo = InfoCine;
		};
/* End PBXContainerItemProxy section */

/* Begin PBXFileReference section */
		1835B93C9D930B06D17A103D /* Pods_InfoCine.framework */ = {isa = PBXFileReference; explicitFileType = wrapper.framework; includeInIndex = 0; path = Pods_InfoCine.framework; sourceTree = BUILT_PRODUCTS_DIR; };
		1D36C89A03F5715CC14552CA /* Pods-InfoCine.debug.xcconfig */ = {isa = PBXFileReference; includeInIndex = 1; lastKnownFileType = text.xcconfig; name = "Pods-InfoCine.debug.xcconfig"; path = "Target Support Files/Pods-InfoCine/Pods-InfoCine.debug.xcconfig"; sourceTree = "<group>"; };
		3CB7DB29F72D93C71F3287FD /* Pods-InfoCine-InfoCineUITests.debug.xcconfig */ = {isa = PBXFileReference; includeInIndex = 1; lastKnownFileType = text.xcconfig; name = "Pods-InfoCine-InfoCineUITests.debug.xcconfig"; path = "Target Support Files/Pods-InfoCine-InfoCineUITests/Pods-InfoCine-InfoCineUITests.debug.xcconfig"; sourceTree = "<group>"; };
		6CE1C4730976FB85C32AA80A /* Pods_InfoCineTests.framework */ = {isa = PBXFileReference; explicitFileType = wrapper.framework; includeInIndex = 0; path = Pods_InfoCineTests.framework; sourceTree = BUILT_PRODUCTS_DIR; };
		6CF963141DD0A4FEDA782143 /* Pods_InfoCine_InfoCineUITests.framework */ = {isa = PBXFileReference; explicitFileType = wrapper.framework; includeInIndex = 0; path = Pods_InfoCine_InfoCineUITests.framework; sourceTree = BUILT_PRODUCTS_DIR; };
		97BFCED248DD3172D15C315A /* Pods-InfoCineTests.debug.xcconfig */ = {isa = PBXFileReference; includeInIndex = 1; lastKnownFileType = text.xcconfig; name = "Pods-InfoCineTests.debug.xcconfig"; path = "Target Support Files/Pods-InfoCineTests/Pods-InfoCineTests.debug.xcconfig"; sourceTree = "<group>"; };
		A4DEF1051E3D318D745ACBD4 /* Pods-InfoCine-InfoCineUITests.release.xcconfig */ = {isa = PBXFileReference; includeInIndex = 1; lastKnownFileType = text.xcconfig; name = "Pods-InfoCine-InfoCineUITests.release.xcconfig"; path = "Target Support Files/Pods-InfoCine-InfoCineUITests/Pods-InfoCine-InfoCineUITests.release.xcconfig"; sourceTree = "<group>"; };
		DCD3626370C4C8199B6B690D /* Pods-InfoCine.release.xcconfig */ = {isa = PBXFileReference; includeInIndex = 1; lastKnownFileType = text.xcconfig; name = "Pods-InfoCine.release.xcconfig"; path = "Target Support Files/Pods-InfoCine/Pods-InfoCine.release.xcconfig"; sourceTree = "<group>"; };
		E108030B266B67FE00DB5B51 /* PersonsModel.swift */ = {isa = PBXFileReference; lastKnownFileType = sourcecode.swift; path = PersonsModel.swift; sourceTree = "<group>"; };
		E1080326266B692000DB5B51 /* Environment.swift */ = {isa = PBXFileReference; fileEncoding = 4; lastKnownFileType = sourcecode.swift; path = Environment.swift; sourceTree = "<group>"; };
		E108032B266B696400DB5B51 /* APIRouter.swift */ = {isa = PBXFileReference; fileEncoding = 4; lastKnownFileType = sourcecode.swift; path = APIRouter.swift; sourceTree = "<group>"; };
		E1080330266B6B7300DB5B51 /* API.swift */ = {isa = PBXFileReference; fileEncoding = 4; lastKnownFileType = sourcecode.swift; path = API.swift; sourceTree = "<group>"; };
		E1520EA9266CC66500CE225A /* ErrorAlertView.swift */ = {isa = PBXFileReference; fileEncoding = 4; lastKnownFileType = sourcecode.swift; path = ErrorAlertView.swift; sourceTree = "<group>"; };
		E1520EAE266CC6D200CE225A /* Reachability.swift */ = {isa = PBXFileReference; fileEncoding = 4; lastKnownFileType = sourcecode.swift; path = Reachability.swift; sourceTree = "<group>"; };
		E1520EB3266CC6F200CE225A /* Localizable.strings */ = {isa = PBXFileReference; fileEncoding = 4; lastKnownFileType = text.plist.strings; path = Localizable.strings; sourceTree = "<group>"; };
		E1520EB8266CC77000CE225A /* SpinnerView.swift */ = {isa = PBXFileReference; fileEncoding = 4; lastKnownFileType = sourcecode.swift; path = SpinnerView.swift; sourceTree = "<group>"; };
		E1520EBD266CC7A100CE225A /* Extensions.swift */ = {isa = PBXFileReference; fileEncoding = 4; lastKnownFileType = sourcecode.swift; path = Extensions.swift; sourceTree = "<group>"; };
		E1520EC2266CCDCE00CE225A /* ListView.html */ = {isa = PBXFileReference; lastKnownFileType = text.html; path = ListView.html; sourceTree = "<group>"; };
		E1520EC7266CCE5000CE225A /* Style.css */ = {isa = PBXFileReference; lastKnownFileType = text.css; path = Style.css; sourceTree = "<group>"; };
		E160658E266ADE910077EB02 /* InfoCine.app */ = {isa = PBXFileReference; explicitFileType = wrapper.application; includeInIndex = 0; path = InfoCine.app; sourceTree = BUILT_PRODUCTS_DIR; };
		E1606591266ADE910077EB02 /* AppDelegate.swift */ = {isa = PBXFileReference; lastKnownFileType = sourcecode.swift; path = AppDelegate.swift; sourceTree = "<group>"; };
		E1606595266ADE910077EB02 /* HomeViewController.swift */ = {isa = PBXFileReference; lastKnownFileType = sourcecode.swift; path = HomeViewController.swift; sourceTree = "<group>"; };
		E1606598266ADE910077EB02 /* Base */ = {isa = PBXFileReference; lastKnownFileType = file.storyboard; name = Base; path = Base.lproj/Main.storyboard; sourceTree = "<group>"; };
		E160659B266ADE910077EB02 /* InfoCine.xcdatamodel */ = {isa = PBXFileReference; lastKnownFileType = wrapper.xcdatamodel; path = InfoCine.xcdatamodel; sourceTree = "<group>"; };
		E160659D266ADE920077EB02 /* Assets.xcassets */ = {isa = PBXFileReference; lastKnownFileType = folder.assetcatalog; path = Assets.xcassets; sourceTree = "<group>"; };
		E16065A0266ADE920077EB02 /* Base */ = {isa = PBXFileReference; lastKnownFileType = file.storyboard; name = Base; path = Base.lproj/LaunchScreen.storyboard; sourceTree = "<group>"; };
		E16065A2266ADE920077EB02 /* Info.plist */ = {isa = PBXFileReference; lastKnownFileType = text.plist.xml; path = Info.plist; sourceTree = "<group>"; };
		E16065A7266ADE930077EB02 /* InfoCineTests.xctest */ = {isa = PBXFileReference; explicitFileType = wrapper.cfbundle; includeInIndex = 0; path = InfoCineTests.xctest; sourceTree = BUILT_PRODUCTS_DIR; };
		E16065AB266ADE930077EB02 /* InfoCineTests.swift */ = {isa = PBXFileReference; lastKnownFileType = sourcecode.swift; path = InfoCineTests.swift; sourceTree = "<group>"; };
		E16065AD266ADE930077EB02 /* Info.plist */ = {isa = PBXFileReference; lastKnownFileType = text.plist.xml; path = Info.plist; sourceTree = "<group>"; };
		E16065B2266ADE930077EB02 /* InfoCineUITests.xctest */ = {isa = PBXFileReference; explicitFileType = wrapper.cfbundle; includeInIndex = 0; path = InfoCineUITests.xctest; sourceTree = BUILT_PRODUCTS_DIR; };
		E16065B6266ADE930077EB02 /* InfoCineUITests.swift */ = {isa = PBXFileReference; lastKnownFileType = sourcecode.swift; path = InfoCineUITests.swift; sourceTree = "<group>"; };
		E16065B8266ADE930077EB02 /* Info.plist */ = {isa = PBXFileReference; lastKnownFileType = text.plist.xml; path = Info.plist; sourceTree = "<group>"; };
		E16065D8266AE24D0077EB02 /* WebKit.framework */ = {isa = PBXFileReference; lastKnownFileType = wrapper.framework; name = WebKit.framework; path = System/Library/Frameworks/WebKit.framework; sourceTree = SDKROOT; };
		E182EAC8266FD61000586CBE /* Utils.swift */ = {isa = PBXFileReference; fileEncoding = 4; lastKnownFileType = sourcecode.swift; path = Utils.swift; sourceTree = "<group>"; };
		E182EACD266FF96D00586CBE /* DetailsPersonModel.swift */ = {isa = PBXFileReference; lastKnownFileType = sourcecode.swift; path = DetailsPersonModel.swift; sourceTree = "<group>"; };
		E1CB66D3266D0A06002044E1 /* Script-functions.js */ = {isa = PBXFileReference; lastKnownFileType = sourcecode.javascript; path = "Script-functions.js"; sourceTree = "<group>"; };
		E1CCB4042670B9AE00369A91 /* MovieCollectionCell.swift */ = {isa = PBXFileReference; lastKnownFileType = sourcecode.swift; path = MovieCollectionCell.swift; sourceTree = "<group>"; };
		E1CCB4092670C86600369A91 /* SectionHeader.swift */ = {isa = PBXFileReference; lastKnownFileType = sourcecode.swift; path = SectionHeader.swift; sourceTree = "<group>"; };
		E1CCB40E2670CE5900369A91 /* CustomNavBar.swift */ = {isa = PBXFileReference; lastKnownFileType = sourcecode.swift; path = CustomNavBar.swift; sourceTree = "<group>"; };
		E1E0A65F266C295400B4C0B0 /* AppCoordinator.swift */ = {isa = PBXFileReference; fileEncoding = 4; lastKnownFileType = sourcecode.swift; path = AppCoordinator.swift; sourceTree = "<group>"; };
		E1E0A664266C296300B4C0B0 /* HomeCoordinator.swift */ = {isa = PBXFileReference; fileEncoding = 4; lastKnownFileType = sourcecode.swift; path = HomeCoordinator.swift; sourceTree = "<group>"; };
		E1E0A669266C296C00B4C0B0 /* CategoryCoordinator.swift */ = {isa = PBXFileReference; fileEncoding = 4; lastKnownFileType = sourcecode.swift; path = CategoryCoordinator.swift; sourceTree = "<group>"; };
		E1E0A671266C2A1900B4C0B0 /* HomeViewModel.swift */ = {isa = PBXFileReference; lastKnownFileType = sourcecode.swift; path = HomeViewModel.swift; sourceTree = "<group>"; };
		E1E33667266E7E0200ABB455 /* Storyboarded.swift */ = {isa = PBXFileReference; fileEncoding = 4; lastKnownFileType = sourcecode.swift; name = Storyboarded.swift; path = ../../../../.Trashes/501/Storyboarded.swift; sourceTree = "<group>"; };
		E1E3367C266E99CA00ABB455 /* DetailsViewController.swift */ = {isa = PBXFileReference; fileEncoding = 4; lastKnownFileType = sourcecode.swift; path = DetailsViewController.swift; sourceTree = "<group>"; };
		E1E3367D266E99CA00ABB455 /* DetailsViewModel.swift */ = {isa = PBXFileReference; fileEncoding = 4; lastKnownFileType = sourcecode.swift; path = DetailsViewModel.swift; sourceTree = "<group>"; };
		E1E33686266E9CD800ABB455 /* DetailsCoordinator.swift */ = {isa = PBXFileReference; fileEncoding = 4; lastKnownFileType = sourcecode.swift; path = DetailsCoordinator.swift; sourceTree = "<group>"; };
		E1F89976266BE28A007F5BCE /* CategoryTableViewCell.swift */ = {isa = PBXFileReference; fileEncoding = 4; lastKnownFileType = sourcecode.swift; path = CategoryTableViewCell.swift; sourceTree = "<group>"; };
		E1F89993266BE461007F5BCE /* CategoryViewController.swift */ = {isa = PBXFileReference; lastKnownFileType = sourcecode.swift; path = CategoryViewController.swift; sourceTree = "<group>"; };
		E1F89998266BE509007F5BCE /* Constants.swift */ = {isa = PBXFileReference; fileEncoding = 4; lastKnownFileType = sourcecode.swift; path = Constants.swift; sourceTree = "<group>"; };
		E1F8999D266BE5CB007F5BCE /* CategoryViewModel.swift */ = {isa = PBXFileReference; lastKnownFileType = sourcecode.swift; path = CategoryViewModel.swift; sourceTree = "<group>"; };
		E1F899A2266BE63F007F5BCE /* CategoryModel.swift */ = {isa = PBXFileReference; lastKnownFileType = sourcecode.swift; path = CategoryModel.swift; sourceTree = "<group>"; };
		F1464F5CA0F5F087C20A70C5 /* Pods-InfoCineTests.release.xcconfig */ = {isa = PBXFileReference; includeInIndex = 1; lastKnownFileType = text.xcconfig; name = "Pods-InfoCineTests.release.xcconfig"; path = "Target Support Files/Pods-InfoCineTests/Pods-InfoCineTests.release.xcconfig"; sourceTree = "<group>"; };
/* End PBXFileReference section */

/* Begin PBXFrameworksBuildPhase section */
		E160658B266ADE910077EB02 /* Frameworks */ = {
			isa = PBXFrameworksBuildPhase;
			buildActionMask = 2147483647;
			files = (
				E16065D9266AE24D0077EB02 /* WebKit.framework in Frameworks */,
				4706A823FDF7A26D090DCC2F /* Pods_InfoCine.framework in Frameworks */,
			);
			runOnlyForDeploymentPostprocessing = 0;
		};
		E16065A4266ADE930077EB02 /* Frameworks */ = {
			isa = PBXFrameworksBuildPhase;
			buildActionMask = 2147483647;
			files = (
				5E2D30968CC096336E7EDD53 /* Pods_InfoCineTests.framework in Frameworks */,
			);
			runOnlyForDeploymentPostprocessing = 0;
		};
		E16065AF266ADE930077EB02 /* Frameworks */ = {
			isa = PBXFrameworksBuildPhase;
			buildActionMask = 2147483647;
			files = (
				0522ED0C8BC558D488B1708C /* Pods_InfoCine_InfoCineUITests.framework in Frameworks */,
			);
			runOnlyForDeploymentPostprocessing = 0;
		};
/* End PBXFrameworksBuildPhase section */

/* Begin PBXGroup section */
		31F9898AC87F805429175FC9 /* Pods */ = {
			isa = PBXGroup;
			children = (
				1D36C89A03F5715CC14552CA /* Pods-InfoCine.debug.xcconfig */,
				DCD3626370C4C8199B6B690D /* Pods-InfoCine.release.xcconfig */,
				3CB7DB29F72D93C71F3287FD /* Pods-InfoCine-InfoCineUITests.debug.xcconfig */,
				A4DEF1051E3D318D745ACBD4 /* Pods-InfoCine-InfoCineUITests.release.xcconfig */,
				97BFCED248DD3172D15C315A /* Pods-InfoCineTests.debug.xcconfig */,
				F1464F5CA0F5F087C20A70C5 /* Pods-InfoCineTests.release.xcconfig */,
			);
			path = Pods;
			sourceTree = "<group>";
		};
		E144E3FA266C42CE00D8FF9F /* Utils */ = {
			isa = PBXGroup;
			children = (
				E1520EBD266CC7A100CE225A /* Extensions.swift */,
				E1520EB8266CC77000CE225A /* SpinnerView.swift */,
				E1520EA9266CC66500CE225A /* ErrorAlertView.swift */,
				E1F89998266BE509007F5BCE /* Constants.swift */,
				E182EAC8266FD61000586CBE /* Utils.swift */,
				E1CCB40E2670CE5900369A91 /* CustomNavBar.swift */,
			);
			path = Utils;
			sourceTree = "<group>";
		};
		E1606585266ADE900077EB02 = {
			isa = PBXGroup;
			children = (
				E1606590266ADE910077EB02 /* InfoCine */,
				E16065AA266ADE930077EB02 /* InfoCineTests */,
				E16065B5266ADE930077EB02 /* InfoCineUITests */,
				E160658F266ADE910077EB02 /* Products */,
				E16065D7266AE24D0077EB02 /* Frameworks */,
				31F9898AC87F805429175FC9 /* Pods */,
			);
			sourceTree = "<group>";
		};
		E160658F266ADE910077EB02 /* Products */ = {
			isa = PBXGroup;
			children = (
				E160658E266ADE910077EB02 /* InfoCine.app */,
				E16065A7266ADE930077EB02 /* InfoCineTests.xctest */,
				E16065B2266ADE930077EB02 /* InfoCineUITests.xctest */,
			);
			name = Products;
			sourceTree = "<group>";
		};
		E1606590266ADE910077EB02 /* InfoCine */ = {
			isa = PBXGroup;
			children = (
				E1606591266ADE910077EB02 /* AppDelegate.swift */,
				E1520EB3266CC6F200CE225A /* Localizable.strings */,
				E1E33671266E8B2F00ABB455 /* Details */,
				E144E3FA266C42CE00D8FF9F /* Utils */,
				E1E0A65E266C292A00B4C0B0 /* Coordinator */,
				E1F89975266BE279007F5BCE /* Category */,
				E1F89971266BE1FE007F5BCE /* Storyboards */,
				E1F89970266BE1EB007F5BCE /* Networking */,
				E16065D3266AE09F0077EB02 /* Home */,
				E160659D266ADE920077EB02 /* Assets.xcassets */,
				E16065A2266ADE920077EB02 /* Info.plist */,
				E160659A266ADE910077EB02 /* InfoCine.xcdatamodeld */,
				E1520EC2266CCDCE00CE225A /* ListView.html */,
				E1520EC7266CCE5000CE225A /* Style.css */,
				E1CB66D3266D0A06002044E1 /* Script-functions.js */,
			);
			path = InfoCine;
			sourceTree = "<group>";
		};
		E16065AA266ADE930077EB02 /* InfoCineTests */ = {
			isa = PBXGroup;
			children = (
				E16065AB266ADE930077EB02 /* InfoCineTests.swift */,
				E16065AD266ADE930077EB02 /* Info.plist */,
			);
			path = InfoCineTests;
			sourceTree = "<group>";
		};
		E16065B5266ADE930077EB02 /* InfoCineUITests */ = {
			isa = PBXGroup;
			children = (
				E16065B6266ADE930077EB02 /* InfoCineUITests.swift */,
				E16065B8266ADE930077EB02 /* Info.plist */,
			);
			path = InfoCineUITests;
			sourceTree = "<group>";
		};
		E16065D3266AE09F0077EB02 /* Home */ = {
			isa = PBXGroup;
			children = (
				E108030B266B67FE00DB5B51 /* PersonsModel.swift */,
				E1606595266ADE910077EB02 /* HomeViewController.swift */,
				E1E0A671266C2A1900B4C0B0 /* HomeViewModel.swift */,
			);
			path = Home;
			sourceTree = "<group>";
		};
		E16065D7266AE24D0077EB02 /* Frameworks */ = {
			isa = PBXGroup;
			children = (
				E16065D8266AE24D0077EB02 /* WebKit.framework */,
				1835B93C9D930B06D17A103D /* Pods_InfoCine.framework */,
				6CF963141DD0A4FEDA782143 /* Pods_InfoCine_InfoCineUITests.framework */,
				6CE1C4730976FB85C32AA80A /* Pods_InfoCineTests.framework */,
			);
			name = Frameworks;
			sourceTree = "<group>";
		};
		E1E0A65E266C292A00B4C0B0 /* Coordinator */ = {
			isa = PBXGroup;
			children = (
				E1E33686266E9CD800ABB455 /* DetailsCoordinator.swift */,
				E1E0A65F266C295400B4C0B0 /* AppCoordinator.swift */,
				E1E0A664266C296300B4C0B0 /* HomeCoordinator.swift */,
				E1E0A669266C296C00B4C0B0 /* CategoryCoordinator.swift */,
				E1E33667266E7E0200ABB455 /* Storyboarded.swift */,
			);
			path = Coordinator;
			sourceTree = "<group>";
		};
		E1E33671266E8B2F00ABB455 /* Details */ = {
			isa = PBXGroup;
			children = (
				E1E3367C266E99CA00ABB455 /* DetailsViewController.swift */,
				E1E3367D266E99CA00ABB455 /* DetailsViewModel.swift */,
				E182EACD266FF96D00586CBE /* DetailsPersonModel.swift */,
				E1CCB4042670B9AE00369A91 /* MovieCollectionCell.swift */,
				E1CCB4092670C86600369A91 /* SectionHeader.swift */,
			);
			path = Details;
			sourceTree = "<group>";
		};
		E1F89970266BE1EB007F5BCE /* Networking */ = {
			isa = PBXGroup;
			children = (
				E1080330266B6B7300DB5B51 /* API.swift */,
				E108032B266B696400DB5B51 /* APIRouter.swift */,
				E1080326266B692000DB5B51 /* Environment.swift */,
				E1520EAE266CC6D200CE225A /* Reachability.swift */,
			);
			path = Networking;
			sourceTree = "<group>";
		};
		E1F89971266BE1FE007F5BCE /* Storyboards */ = {
			isa = PBXGroup;
			children = (
				E1606597266ADE910077EB02 /* Main.storyboard */,
				E160659F266ADE920077EB02 /* LaunchScreen.storyboard */,
			);
			path = Storyboards;
			sourceTree = "<group>";
		};
		E1F89975266BE279007F5BCE /* Category */ = {
			isa = PBXGroup;
			children = (
				E1F89993266BE461007F5BCE /* CategoryViewController.swift */,
				E1F8999D266BE5CB007F5BCE /* CategoryViewModel.swift */,
				E1F899A2266BE63F007F5BCE /* CategoryModel.swift */,
				E1F89976266BE28A007F5BCE /* CategoryTableViewCell.swift */,
			);
			path = Category;
			sourceTree = "<group>";
		};
/* End PBXGroup section */

/* Begin PBXNativeTarget section */
		E160658D266ADE910077EB02 /* InfoCine */ = {
			isa = PBXNativeTarget;
			buildConfigurationList = E16065BB266ADE930077EB02 /* Build configuration list for PBXNativeTarget "InfoCine" */;
			buildPhases = (
				791A8986F3C5CCBB83D0AA42 /* [CP] Check Pods Manifest.lock */,
				E160658A266ADE910077EB02 /* Sources */,
				E160658B266ADE910077EB02 /* Frameworks */,
				E160658C266ADE910077EB02 /* Resources */,
				CB759D96A6910F29E80A2F3A /* [CP] Embed Pods Frameworks */,
			);
			buildRules = (
			);
			dependencies = (
			);
			name = InfoCine;
			productName = InfoCine;
			productReference = E160658E266ADE910077EB02 /* InfoCine.app */;
			productType = "com.apple.product-type.application";
		};
		E16065A6266ADE930077EB02 /* InfoCineTests */ = {
			isa = PBXNativeTarget;
			buildConfigurationList = E16065BE266ADE930077EB02 /* Build configuration list for PBXNativeTarget "InfoCineTests" */;
			buildPhases = (
				1ED479CD2A8E277F4E955272 /* [CP] Check Pods Manifest.lock */,
				E16065A3266ADE930077EB02 /* Sources */,
				E16065A4266ADE930077EB02 /* Frameworks */,
				E16065A5266ADE930077EB02 /* Resources */,
			);
			buildRules = (
			);
			dependencies = (
				E16065A9266ADE930077EB02 /* PBXTargetDependency */,
			);
			name = InfoCineTests;
			productName = InfoCineTests;
			productReference = E16065A7266ADE930077EB02 /* InfoCineTests.xctest */;
			productType = "com.apple.product-type.bundle.unit-test";
		};
		E16065B1266ADE930077EB02 /* InfoCineUITests */ = {
			isa = PBXNativeTarget;
			buildConfigurationList = E16065C1266ADE930077EB02 /* Build configuration list for PBXNativeTarget "InfoCineUITests" */;
			buildPhases = (
				EB81DC103B1896868BF59F21 /* [CP] Check Pods Manifest.lock */,
				E16065AE266ADE930077EB02 /* Sources */,
				E16065AF266ADE930077EB02 /* Frameworks */,
				E16065B0266ADE930077EB02 /* Resources */,
				CFCFFA91651F86C3C309E42F /* [CP] Embed Pods Frameworks */,
			);
			buildRules = (
			);
			dependencies = (
				E16065B4266ADE930077EB02 /* PBXTargetDependency */,
			);
			name = InfoCineUITests;
			productName = InfoCineUITests;
			productReference = E16065B2266ADE930077EB02 /* InfoCineUITests.xctest */;
			productType = "com.apple.product-type.bundle.ui-testing";
		};
/* End PBXNativeTarget section */

/* Begin PBXProject section */
		E1606586266ADE900077EB02 /* Project object */ = {
			isa = PBXProject;
			attributes = {
				LastSwiftUpdateCheck = 1240;
				LastUpgradeCheck = 1240;
				TargetAttributes = {
					E160658D266ADE910077EB02 = {
						CreatedOnToolsVersion = 12.4;
					};
					E16065A6266ADE930077EB02 = {
						CreatedOnToolsVersion = 12.4;
						TestTargetID = E160658D266ADE910077EB02;
					};
					E16065B1266ADE930077EB02 = {
						CreatedOnToolsVersion = 12.4;
						TestTargetID = E160658D266ADE910077EB02;
					};
				};
			};
			buildConfigurationList = E1606589266ADE900077EB02 /* Build configuration list for PBXProject "InfoCine" */;
			compatibilityVersion = "Xcode 9.3";
			developmentRegion = en;
			hasScannedForEncodings = 0;
			knownRegions = (
				en,
				Base,
			);
			mainGroup = E1606585266ADE900077EB02;
			productRefGroup = E160658F266ADE910077EB02 /* Products */;
			projectDirPath = "";
			projectRoot = "";
			targets = (
				E160658D266ADE910077EB02 /* InfoCine */,
				E16065A6266ADE930077EB02 /* InfoCineTests */,
				E16065B1266ADE930077EB02 /* InfoCineUITests */,
			);
		};
/* End PBXProject section */

/* Begin PBXResourcesBuildPhase section */
		E160658C266ADE910077EB02 /* Resources */ = {
			isa = PBXResourcesBuildPhase;
			buildActionMask = 2147483647;
			files = (
				E1520EB4266CC6F200CE225A /* Localizable.strings in Resources */,
				E1CB66D4266D0A06002044E1 /* Script-functions.js in Resources */,
				E16065A1266ADE920077EB02 /* LaunchScreen.storyboard in Resources */,
				E160659E266ADE920077EB02 /* Assets.xcassets in Resources */,
				E1520EC3266CCDCE00CE225A /* ListView.html in Resources */,
				E1520EC8266CCE5000CE225A /* Style.css in Resources */,
				E1606599266ADE910077EB02 /* Main.storyboard in Resources */,
			);
			runOnlyForDeploymentPostprocessing = 0;
		};
		E16065A5266ADE930077EB02 /* Resources */ = {
			isa = PBXResourcesBuildPhase;
			buildActionMask = 2147483647;
			files = (
			);
			runOnlyForDeploymentPostprocessing = 0;
		};
		E16065B0266ADE930077EB02 /* Resources */ = {
			isa = PBXResourcesBuildPhase;
			buildActionMask = 2147483647;
			files = (
			);
			runOnlyForDeploymentPostprocessing = 0;
		};
/* End PBXResourcesBuildPhase section */

/* Begin PBXShellScriptBuildPhase section */
		1ED479CD2A8E277F4E955272 /* [CP] Check Pods Manifest.lock */ = {
			isa = PBXShellScriptBuildPhase;
			buildActionMask = 2147483647;
			files = (
			);
			inputFileListPaths = (
			);
			inputPaths = (
				"${PODS_PODFILE_DIR_PATH}/Podfile.lock",
				"${PODS_ROOT}/Manifest.lock",
			);
			name = "[CP] Check Pods Manifest.lock";
			outputFileListPaths = (
			);
			outputPaths = (
				"$(DERIVED_FILE_DIR)/Pods-InfoCineTests-checkManifestLockResult.txt",
			);
			runOnlyForDeploymentPostprocessing = 0;
			shellPath = /bin/sh;
			shellScript = "diff \"${PODS_PODFILE_DIR_PATH}/Podfile.lock\" \"${PODS_ROOT}/Manifest.lock\" > /dev/null\nif [ $? != 0 ] ; then\n    # print error to STDERR\n    echo \"error: The sandbox is not in sync with the Podfile.lock. Run 'pod install' or update your CocoaPods installation.\" >&2\n    exit 1\nfi\n# This output is used by Xcode 'outputs' to avoid re-running this script phase.\necho \"SUCCESS\" > \"${SCRIPT_OUTPUT_FILE_0}\"\n";
			showEnvVarsInLog = 0;
		};
		791A8986F3C5CCBB83D0AA42 /* [CP] Check Pods Manifest.lock */ = {
			isa = PBXShellScriptBuildPhase;
			buildActionMask = 2147483647;
			files = (
			);
			inputFileListPaths = (
			);
			inputPaths = (
				"${PODS_PODFILE_DIR_PATH}/Podfile.lock",
				"${PODS_ROOT}/Manifest.lock",
			);
			name = "[CP] Check Pods Manifest.lock";
			outputFileListPaths = (
			);
			outputPaths = (
				"$(DERIVED_FILE_DIR)/Pods-InfoCine-checkManifestLockResult.txt",
			);
			runOnlyForDeploymentPostprocessing = 0;
			shellPath = /bin/sh;
			shellScript = "diff \"${PODS_PODFILE_DIR_PATH}/Podfile.lock\" \"${PODS_ROOT}/Manifest.lock\" > /dev/null\nif [ $? != 0 ] ; then\n    # print error to STDERR\n    echo \"error: The sandbox is not in sync with the Podfile.lock. Run 'pod install' or update your CocoaPods installation.\" >&2\n    exit 1\nfi\n# This output is used by Xcode 'outputs' to avoid re-running this script phase.\necho \"SUCCESS\" > \"${SCRIPT_OUTPUT_FILE_0}\"\n";
			showEnvVarsInLog = 0;
		};
		CB759D96A6910F29E80A2F3A /* [CP] Embed Pods Frameworks */ = {
			isa = PBXShellScriptBuildPhase;
			buildActionMask = 2147483647;
			files = (
			);
			inputFileListPaths = (
				"${PODS_ROOT}/Target Support Files/Pods-InfoCine/Pods-InfoCine-frameworks-${CONFIGURATION}-input-files.xcfilelist",
			);
			name = "[CP] Embed Pods Frameworks";
			outputFileListPaths = (
				"${PODS_ROOT}/Target Support Files/Pods-InfoCine/Pods-InfoCine-frameworks-${CONFIGURATION}-output-files.xcfilelist",
			);
			runOnlyForDeploymentPostprocessing = 0;
			shellPath = /bin/sh;
			shellScript = "\"${PODS_ROOT}/Target Support Files/Pods-InfoCine/Pods-InfoCine-frameworks.sh\"\n";
			showEnvVarsInLog = 0;
		};
		CFCFFA91651F86C3C309E42F /* [CP] Embed Pods Frameworks */ = {
			isa = PBXShellScriptBuildPhase;
			buildActionMask = 2147483647;
			files = (
			);
			inputFileListPaths = (
				"${PODS_ROOT}/Target Support Files/Pods-InfoCine-InfoCineUITests/Pods-InfoCine-InfoCineUITests-frameworks-${CONFIGURATION}-input-files.xcfilelist",
			);
			name = "[CP] Embed Pods Frameworks";
			outputFileListPaths = (
				"${PODS_ROOT}/Target Support Files/Pods-InfoCine-InfoCineUITests/Pods-InfoCine-InfoCineUITests-frameworks-${CONFIGURATION}-output-files.xcfilelist",
			);
			runOnlyForDeploymentPostprocessing = 0;
			shellPath = /bin/sh;
			shellScript = "\"${PODS_ROOT}/Target Support Files/Pods-InfoCine-InfoCineUITests/Pods-InfoCine-InfoCineUITests-frameworks.sh\"\n";
			showEnvVarsInLog = 0;
		};
		EB81DC103B1896868BF59F21 /* [CP] Check Pods Manifest.lock */ = {
			isa = PBXShellScriptBuildPhase;
			buildActionMask = 2147483647;
			files = (
			);
			inputFileListPaths = (
			);
			inputPaths = (
				"${PODS_PODFILE_DIR_PATH}/Podfile.lock",
				"${PODS_ROOT}/Manifest.lock",
			);
			name = "[CP] Check Pods Manifest.lock";
			outputFileListPaths = (
			);
			outputPaths = (
				"$(DERIVED_FILE_DIR)/Pods-InfoCine-InfoCineUITests-checkManifestLockResult.txt",
			);
			runOnlyForDeploymentPostprocessing = 0;
			shellPath = /bin/sh;
			shellScript = "diff \"${PODS_PODFILE_DIR_PATH}/Podfile.lock\" \"${PODS_ROOT}/Manifest.lock\" > /dev/null\nif [ $? != 0 ] ; then\n    # print error to STDERR\n    echo \"error: The sandbox is not in sync with the Podfile.lock. Run 'pod install' or update your CocoaPods installation.\" >&2\n    exit 1\nfi\n# This output is used by Xcode 'outputs' to avoid re-running this script phase.\necho \"SUCCESS\" > \"${SCRIPT_OUTPUT_FILE_0}\"\n";
			showEnvVarsInLog = 0;
		};
/* End PBXShellScriptBuildPhase section */

/* Begin PBXSourcesBuildPhase section */
		E160658A266ADE910077EB02 /* Sources */ = {
			isa = PBXSourcesBuildPhase;
			buildActionMask = 2147483647;
			files = (
				E1E33687266E9CD800ABB455 /* DetailsCoordinator.swift in Sources */,
				E1CCB40F2670CE5900369A91 /* CustomNavBar.swift in Sources */,
				E1E0A66A266C296C00B4C0B0 /* CategoryCoordinator.swift in Sources */,
				E160659C266ADE910077EB02 /* InfoCine.xcdatamodeld in Sources */,
				E1520EAF266CC6D200CE225A /* Reachability.swift in Sources */,
				E1520EAA266CC66500CE225A /* ErrorAlertView.swift in Sources */,
				E182EAC9266FD61000586CBE /* Utils.swift in Sources */,
				E1F899A3266BE63F007F5BCE /* CategoryModel.swift in Sources */,
				E1E0A672266C2A1900B4C0B0 /* HomeViewModel.swift in Sources */,
				E1520EB9266CC77000CE225A /* SpinnerView.swift in Sources */,
				E1E0A660266C295400B4C0B0 /* AppCoordinator.swift in Sources */,
				E108032C266B696400DB5B51 /* APIRouter.swift in Sources */,
				E1F89978266BE28A007F5BCE /* CategoryTableViewCell.swift in Sources */,
				E1E3367F266E99CA00ABB455 /* DetailsViewModel.swift in Sources */,
				E1F8999E266BE5CB007F5BCE /* CategoryViewModel.swift in Sources */,
				E1606596266ADE910077EB02 /* HomeViewController.swift in Sources */,
				E108030C266B67FE00DB5B51 /* PersonsModel.swift in Sources */,
				E1520EBE266CC7A200CE225A /* Extensions.swift in Sources */,
				E1F89999266BE509007F5BCE /* Constants.swift in Sources */,
				E1606592266ADE910077EB02 /* AppDelegate.swift in Sources */,
				E1E3367E266E99CA00ABB455 /* DetailsViewController.swift in Sources */,
				E182EACE266FF96D00586CBE /* DetailsPersonModel.swift in Sources */,
				E1CCB4052670B9AE00369A91 /* MovieCollectionCell.swift in Sources */,
				E1080327266B692000DB5B51 /* Environment.swift in Sources */,
				E1F89994266BE461007F5BCE /* CategoryViewController.swift in Sources */,
				E1CCB40A2670C86600369A91 /* SectionHeader.swift in Sources */,
				E1080331266B6B7300DB5B51 /* API.swift in Sources */,
				E1E0A665266C296300B4C0B0 /* HomeCoordinator.swift in Sources */,
				E1E33668266E7E0200ABB455 /* Storyboarded.swift in Sources */,
			);
			runOnlyForDeploymentPostprocessing = 0;
		};
		E16065A3266ADE930077EB02 /* Sources */ = {
			isa = PBXSourcesBuildPhase;
			buildActionMask = 2147483647;
			files = (
				E16065AC266ADE930077EB02 /* InfoCineTests.swift in Sources */,
			);
			runOnlyForDeploymentPostprocessing = 0;
		};
		E16065AE266ADE930077EB02 /* Sources */ = {
			isa = PBXSourcesBuildPhase;
			buildActionMask = 2147483647;
			files = (
				E16065B7266ADE930077EB02 /* InfoCineUITests.swift in Sources */,
			);
			runOnlyForDeploymentPostprocessing = 0;
		};
/* End PBXSourcesBuildPhase section */

/* Begin PBXTargetDependency section */
		E16065A9266ADE930077EB02 /* PBXTargetDependency */ = {
			isa = PBXTargetDependency;
			target = E160658D266ADE910077EB02 /* InfoCine */;
			targetProxy = E16065A8266ADE930077EB02 /* PBXContainerItemProxy */;
		};
		E16065B4266ADE930077EB02 /* PBXTargetDependency */ = {
			isa = PBXTargetDependency;
			target = E160658D266ADE910077EB02 /* InfoCine */;
			targetProxy = E16065B3266ADE930077EB02 /* PBXContainerItemProxy */;
		};
/* End PBXTargetDependency section */

/* Begin PBXVariantGroup section */
		E1606597266ADE910077EB02 /* Main.storyboard */ = {
			isa = PBXVariantGroup;
			children = (
				E1606598266ADE910077EB02 /* Base */,
			);
			name = Main.storyboard;
			sourceTree = "<group>";
		};
		E160659F266ADE920077EB02 /* LaunchScreen.storyboard */ = {
			isa = PBXVariantGroup;
			children = (
				E16065A0266ADE920077EB02 /* Base */,
			);
			name = LaunchScreen.storyboard;
			sourceTree = "<group>";
		};
/* End PBXVariantGroup section */

/* Begin XCBuildConfiguration section */
		E16065B9266ADE930077EB02 /* Debug */ = {
			isa = XCBuildConfiguration;
			buildSettings = {
				ALWAYS_SEARCH_USER_PATHS = NO;
				CLANG_ANALYZER_NONNULL = YES;
				CLANG_ANALYZER_NUMBER_OBJECT_CONVERSION = YES_AGGRESSIVE;
				CLANG_CXX_LANGUAGE_STANDARD = "gnu++14";
				CLANG_CXX_LIBRARY = "libc++";
				CLANG_ENABLE_MODULES = YES;
				CLANG_ENABLE_OBJC_ARC = YES;
				CLANG_ENABLE_OBJC_WEAK = YES;
				CLANG_WARN_BLOCK_CAPTURE_AUTORELEASING = YES;
				CLANG_WARN_BOOL_CONVERSION = YES;
				CLANG_WARN_COMMA = YES;
				CLANG_WARN_CONSTANT_CONVERSION = YES;
				CLANG_WARN_DEPRECATED_OBJC_IMPLEMENTATIONS = YES;
				CLANG_WARN_DIRECT_OBJC_ISA_USAGE = YES_ERROR;
				CLANG_WARN_DOCUMENTATION_COMMENTS = YES;
				CLANG_WARN_EMPTY_BODY = YES;
				CLANG_WARN_ENUM_CONVERSION = YES;
				CLANG_WARN_INFINITE_RECURSION = YES;
				CLANG_WARN_INT_CONVERSION = YES;
				CLANG_WARN_NON_LITERAL_NULL_CONVERSION = YES;
				CLANG_WARN_OBJC_IMPLICIT_RETAIN_SELF = YES;
				CLANG_WARN_OBJC_LITERAL_CONVERSION = YES;
				CLANG_WARN_OBJC_ROOT_CLASS = YES_ERROR;
				CLANG_WARN_QUOTED_INCLUDE_IN_FRAMEWORK_HEADER = YES;
				CLANG_WARN_RANGE_LOOP_ANALYSIS = YES;
				CLANG_WARN_STRICT_PROTOTYPES = YES;
				CLANG_WARN_SUSPICIOUS_MOVE = YES;
				CLANG_WARN_UNGUARDED_AVAILABILITY = YES_AGGRESSIVE;
				CLANG_WARN_UNREACHABLE_CODE = YES;
				CLANG_WARN__DUPLICATE_METHOD_MATCH = YES;
				COPY_PHASE_STRIP = NO;
				DEBUG_INFORMATION_FORMAT = dwarf;
				ENABLE_STRICT_OBJC_MSGSEND = YES;
				ENABLE_TESTABILITY = YES;
				GCC_C_LANGUAGE_STANDARD = gnu11;
				GCC_DYNAMIC_NO_PIC = NO;
				GCC_NO_COMMON_BLOCKS = YES;
				GCC_OPTIMIZATION_LEVEL = 0;
				GCC_PREPROCESSOR_DEFINITIONS = (
					"DEBUG=1",
					"$(inherited)",
				);
				GCC_WARN_64_TO_32_BIT_CONVERSION = YES;
				GCC_WARN_ABOUT_RETURN_TYPE = YES_ERROR;
				GCC_WARN_UNDECLARED_SELECTOR = YES;
				GCC_WARN_UNINITIALIZED_AUTOS = YES_AGGRESSIVE;
				GCC_WARN_UNUSED_FUNCTION = YES;
				GCC_WARN_UNUSED_VARIABLE = YES;
				IPHONEOS_DEPLOYMENT_TARGET = 14.4;
				MTL_ENABLE_DEBUG_INFO = INCLUDE_SOURCE;
				MTL_FAST_MATH = YES;
				ONLY_ACTIVE_ARCH = YES;
				SDKROOT = iphoneos;
				SWIFT_ACTIVE_COMPILATION_CONDITIONS = DEBUG;
				SWIFT_OPTIMIZATION_LEVEL = "-Onone";
			};
			name = Debug;
		};
		E16065BA266ADE930077EB02 /* Release */ = {
			isa = XCBuildConfiguration;
			buildSettings = {
				ALWAYS_SEARCH_USER_PATHS = NO;
				CLANG_ANALYZER_NONNULL = YES;
				CLANG_ANALYZER_NUMBER_OBJECT_CONVERSION = YES_AGGRESSIVE;
				CLANG_CXX_LANGUAGE_STANDARD = "gnu++14";
				CLANG_CXX_LIBRARY = "libc++";
				CLANG_ENABLE_MODULES = YES;
				CLANG_ENABLE_OBJC_ARC = YES;
				CLANG_ENABLE_OBJC_WEAK = YES;
				CLANG_WARN_BLOCK_CAPTURE_AUTORELEASING = YES;
				CLANG_WARN_BOOL_CONVERSION = YES;
				CLANG_WARN_COMMA = YES;
				CLANG_WARN_CONSTANT_CONVERSION = YES;
				CLANG_WARN_DEPRECATED_OBJC_IMPLEMENTATIONS = YES;
				CLANG_WARN_DIRECT_OBJC_ISA_USAGE = YES_ERROR;
				CLANG_WARN_DOCUMENTATION_COMMENTS = YES;
				CLANG_WARN_EMPTY_BODY = YES;
				CLANG_WARN_ENUM_CONVERSION = YES;
				CLANG_WARN_INFINITE_RECURSION = YES;
				CLANG_WARN_INT_CONVERSION = YES;
				CLANG_WARN_NON_LITERAL_NULL_CONVERSION = YES;
				CLANG_WARN_OBJC_IMPLICIT_RETAIN_SELF = YES;
				CLANG_WARN_OBJC_LITERAL_CONVERSION = YES;
				CLANG_WARN_OBJC_ROOT_CLASS = YES_ERROR;
				CLANG_WARN_QUOTED_INCLUDE_IN_FRAMEWORK_HEADER = YES;
				CLANG_WARN_RANGE_LOOP_ANALYSIS = YES;
				CLANG_WARN_STRICT_PROTOTYPES = YES;
				CLANG_WARN_SUSPICIOUS_MOVE = YES;
				CLANG_WARN_UNGUARDED_AVAILABILITY = YES_AGGRESSIVE;
				CLANG_WARN_UNREACHABLE_CODE = YES;
				CLANG_WARN__DUPLICATE_METHOD_MATCH = YES;
				COPY_PHASE_STRIP = NO;
				DEBUG_INFORMATION_FORMAT = "dwarf-with-dsym";
				ENABLE_NS_ASSERTIONS = NO;
				ENABLE_STRICT_OBJC_MSGSEND = YES;
				GCC_C_LANGUAGE_STANDARD = gnu11;
				GCC_NO_COMMON_BLOCKS = YES;
				GCC_WARN_64_TO_32_BIT_CONVERSION = YES;
				GCC_WARN_ABOUT_RETURN_TYPE = YES_ERROR;
				GCC_WARN_UNDECLARED_SELECTOR = YES;
				GCC_WARN_UNINITIALIZED_AUTOS = YES_AGGRESSIVE;
				GCC_WARN_UNUSED_FUNCTION = YES;
				GCC_WARN_UNUSED_VARIABLE = YES;
				IPHONEOS_DEPLOYMENT_TARGET = 14.4;
				MTL_ENABLE_DEBUG_INFO = NO;
				MTL_FAST_MATH = YES;
				SDKROOT = iphoneos;
				SWIFT_COMPILATION_MODE = wholemodule;
				SWIFT_OPTIMIZATION_LEVEL = "-O";
				VALIDATE_PRODUCT = YES;
			};
			name = Release;
		};
		E16065BC266ADE930077EB02 /* Debug */ = {
			isa = XCBuildConfiguration;
			baseConfigurationReference = 1D36C89A03F5715CC14552CA /* Pods-InfoCine.debug.xcconfig */;
			buildSettings = {
				ASSETCATALOG_COMPILER_APPICON_NAME = AppIcon;
				ASSETCATALOG_COMPILER_GLOBAL_ACCENT_COLOR_NAME = AccentColor;
				CODE_SIGN_STYLE = Automatic;
				DEVELOPMENT_TEAM = 5MEA78ZYGH;
				INFOPLIST_FILE = InfoCine/Info.plist;
				IPHONEOS_DEPLOYMENT_TARGET = 12.1;
				LD_RUNPATH_SEARCH_PATHS = (
					"$(inherited)",
					"@executable_path/Frameworks",
				);
				PRODUCT_BUNDLE_IDENTIFIER = com.messadi.InfoCine;
				PRODUCT_NAME = "$(TARGET_NAME)";
				SWIFT_VERSION = 5.0;
				TARGETED_DEVICE_FAMILY = 1;
			};
			name = Debug;
		};
		E16065BD266ADE930077EB02 /* Release */ = {
			isa = XCBuildConfiguration;
			baseConfigurationReference = DCD3626370C4C8199B6B690D /* Pods-InfoCine.release.xcconfig */;
			buildSettings = {
				ASSETCATALOG_COMPILER_APPICON_NAME = AppIcon;
				ASSETCATALOG_COMPILER_GLOBAL_ACCENT_COLOR_NAME = AccentColor;
				CODE_SIGN_STYLE = Automatic;
				DEVELOPMENT_TEAM = 5MEA78ZYGH;
				INFOPLIST_FILE = InfoCine/Info.plist;
				IPHONEOS_DEPLOYMENT_TARGET = 12.1;
				LD_RUNPATH_SEARCH_PATHS = (
					"$(inherited)",
					"@executable_path/Frameworks",
				);
				PRODUCT_BUNDLE_IDENTIFIER = com.messadi.InfoCine;
				PRODUCT_NAME = "$(TARGET_NAME)";
				SWIFT_VERSION = 5.0;
				TARGETED_DEVICE_FAMILY = 1;
			};
			name = Release;
		};
		E16065BF266ADE930077EB02 /* Debug */ = {
			isa = XCBuildConfiguration;
			baseConfigurationReference = 97BFCED248DD3172D15C315A /* Pods-InfoCineTests.debug.xcconfig */;
			buildSettings = {
				ALWAYS_EMBED_SWIFT_STANDARD_LIBRARIES = YES;
				BUNDLE_LOADER = "$(TEST_HOST)";
				CODE_SIGN_STYLE = Automatic;
				DEVELOPMENT_TEAM = 5MEA78ZYGH;
				INFOPLIST_FILE = InfoCineTests/Info.plist;
				IPHONEOS_DEPLOYMENT_TARGET = 14.4;
				LD_RUNPATH_SEARCH_PATHS = (
					"$(inherited)",
					"@executable_path/Frameworks",
					"@loader_path/Frameworks",
				);
				PRODUCT_BUNDLE_IDENTIFIER = com.messadi.InfoCineTests;
				PRODUCT_NAME = "$(TARGET_NAME)";
				SWIFT_VERSION = 5.0;
				TARGETED_DEVICE_FAMILY = "1,2";
				TEST_HOST = "$(BUILT_PRODUCTS_DIR)/InfoCine.app/InfoCine";
			};
			name = Debug;
		};
		E16065C0266ADE930077EB02 /* Release */ = {
			isa = XCBuildConfiguration;
			baseConfigurationReference = F1464F5CA0F5F087C20A70C5 /* Pods-InfoCineTests.release.xcconfig */;
			buildSettings = {
				ALWAYS_EMBED_SWIFT_STANDARD_LIBRARIES = YES;
				BUNDLE_LOADER = "$(TEST_HOST)";
				CODE_SIGN_STYLE = Automatic;
				DEVELOPMENT_TEAM = 5MEA78ZYGH;
				INFOPLIST_FILE = InfoCineTests/Info.plist;
				IPHONEOS_DEPLOYMENT_TARGET = 14.4;
				LD_RUNPATH_SEARCH_PATHS = (
					"$(inherited)",
					"@executable_path/Frameworks",
					"@loader_path/Frameworks",
				);
				PRODUCT_BUNDLE_IDENTIFIER = com.messadi.InfoCineTests;
				PRODUCT_NAME = "$(TARGET_NAME)";
				SWIFT_VERSION = 5.0;
				TARGETED_DEVICE_FAMILY = "1,2";
				TEST_HOST = "$(BUILT_PRODUCTS_DIR)/InfoCine.app/InfoCine";
			};
			name = Release;
		};
		E16065C2266ADE930077EB02 /* Debug */ = {
			isa = XCBuildConfiguration;
			baseConfigurationReference = 3CB7DB29F72D93C71F3287FD /* Pods-InfoCine-InfoCineUITests.debug.xcconfig */;
			buildSettings = {
				ALWAYS_EMBED_SWIFT_STANDARD_LIBRARIES = YES;
				CODE_SIGN_STYLE = Automatic;
				DEVELOPMENT_TEAM = 5MEA78ZYGH;
				INFOPLIST_FILE = InfoCineUITests/Info.plist;
				LD_RUNPATH_SEARCH_PATHS = (
					"$(inherited)",
					"@executable_path/Frameworks",
					"@loader_path/Frameworks",
				);
				PRODUCT_BUNDLE_IDENTIFIER = com.messadi.InfoCineUITests;
				PRODUCT_NAME = "$(TARGET_NAME)";
				SWIFT_VERSION = 5.0;
				TARGETED_DEVICE_FAMILY = "1,2";
				TEST_TARGET_NAME = InfoCine;
			};
			name = Debug;
		};
		E16065C3266ADE930077EB02 /* Release */ = {
			isa = XCBuildConfiguration;
			baseConfigurationReference = A4DEF1051E3D318D745ACBD4 /* Pods-InfoCine-InfoCineUITests.release.xcconfig */;
			buildSettings = {
				ALWAYS_EMBED_SWIFT_STANDARD_LIBRARIES = YES;
				CODE_SIGN_STYLE = Automatic;
				DEVELOPMENT_TEAM = 5MEA78ZYGH;
				INFOPLIST_FILE = InfoCineUITests/Info.plist;
				LD_RUNPATH_SEARCH_PATHS = (
					"$(inherited)",
					"@executable_path/Frameworks",
					"@loader_path/Frameworks",
				);
				PRODUCT_BUNDLE_IDENTIFIER = com.messadi.InfoCineUITests;
				PRODUCT_NAME = "$(TARGET_NAME)";
				SWIFT_VERSION = 5.0;
				TARGETED_DEVICE_FAMILY = "1,2";
				TEST_TARGET_NAME = InfoCine;
			};
			name = Release;
		};
/* End XCBuildConfiguration section */

/* Begin XCConfigurationList section */
		E1606589266ADE900077EB02 /* Build configuration list for PBXProject "InfoCine" */ = {
			isa = XCConfigurationList;
			buildConfigurations = (
				E16065B9266ADE930077EB02 /* Debug */,
				E16065BA266ADE930077EB02 /* Release */,
			);
			defaultConfigurationIsVisible = 0;
			defaultConfigurationName = Release;
		};
		E16065BB266ADE930077EB02 /* Build configuration list for PBXNativeTarget "InfoCine" */ = {
			isa = XCConfigurationList;
			buildConfigurations = (
				E16065BC266ADE930077EB02 /* Debug */,
				E16065BD266ADE930077EB02 /* Release */,
			);
			defaultConfigurationIsVisible = 0;
			defaultConfigurationName = Release;
		};
		E16065BE266ADE930077EB02 /* Build configuration list for PBXNativeTarget "InfoCineTests" */ = {
			isa = XCConfigurationList;
			buildConfigurations = (
				E16065BF266ADE930077EB02 /* Debug */,
				E16065C0266ADE930077EB02 /* Release */,
			);
			defaultConfigurationIsVisible = 0;
			defaultConfigurationName = Release;
		};
		E16065C1266ADE930077EB02 /* Build configuration list for PBXNativeTarget "InfoCineUITests" */ = {
			isa = XCConfigurationList;
			buildConfigurations = (
				E16065C2266ADE930077EB02 /* Debug */,
				E16065C3266ADE930077EB02 /* Release */,
			);
			defaultConfigurationIsVisible = 0;
			defaultConfigurationName = Release;
		};
/* End XCConfigurationList section */

/* Begin XCVersionGroup section */
		E160659A266ADE910077EB02 /* InfoCine.xcdatamodeld */ = {
			isa = XCVersionGroup;
			children = (
				E160659B266ADE910077EB02 /* InfoCine.xcdatamodel */,
			);
			currentVersion = E160659B266ADE910077EB02 /* InfoCine.xcdatamodel */;
			path = InfoCine.xcdatamodeld;
			sourceTree = "<group>";
			versionGroupType = wrapper.xcdatamodel;
		};
/* End XCVersionGroup section */
	};
	rootObject = E1606586266ADE900077EB02 /* Project object */;
}
